{
  "nodes": {
    "home": {
      "inputs": {
        "nixpkgs": "nixpkgs"
      },
      "locked": {
        "lastModified": 1591751635,
        "narHash": "sha256-KgGtyFlkI/fsp+j8VEgJ/ynY9B91aX35Xp04HlDLRTo=",
        "owner": "rycee",
        "repo": "home-manager",
        "rev": "b3fee796fcd5531693d9b84ece76ad6836bb1cfa",
        "type": "github"
      },
      "original": {
        "owner": "rycee",
        "ref": "bqv-flakes",
        "repo": "home-manager",
        "type": "github"
      }
    },
    "nixos": {
      "locked": {
        "lastModified": 1599441668,
        "narHash": "sha256-nkNnghnQIHxi9ImskoHTcNNSO0pEefrJ/I9G+GCw4cM=",
        "owner": "NixOS",
        "repo": "nixpkgs",
        "rev": "42674051d12540d4a996504990c6ea3619505953",
        "type": "github"
      },
      "original": {
        "owner": "NixOS",
        "ref": "nixos-20.03",
        "repo": "nixpkgs",
        "type": "github"
      }
    },
    "nixpkgs": {
      "locked": {
        "lastModified": 1599478802,
        "narHash": "sha256-hb7B9piizYyoGHidJfwcmb9HkmzuyadyO0hEgJWfp+8=",
        "owner": "NixOS",
        "repo": "nixpkgs",
        "rev": "3c0e3697520cbe7d9eb3a64bfd87de840bf4aa77",
        "type": "github"
      },
      "original": {
        "id": "nixpkgs",
        "type": "indirect"
      }
    },
    "root": {
      "inputs": {
        "home": "home",
        "nixos": "nixos",
        "unstable": "unstable"
      }
    },
    "unstable": {
      "locked": {
        "lastModified": 1598072581,
        "narHash": "sha256-jG/0sRrY0CH0N9pFe40S/sI3Dw4HuRXz+j2rFeLxVAs=",
        "owner": "NixOS",
        "repo": "nixpkgs",
        "rev": "1c014d4a0ec4b872d2451612422b337ee604f779",
        "type": "github"
      },
      "original": {
        "owner": "NixOS",
        "ref": "nixpkgs-unstable",
        "repo": "nixpkgs",
        "type": "github"
      }
    }
  },
  "root": "root",
  "version": 7
}
