{
  "nodes": {
    "home": {
      "inputs": {
        "nixpkgs": [
          "unstable"
        ]
      },
      "locked": {
        "lastModified": 1600992519,
        "narHash": "sha256-Y9wlciB/g1QUquVpTZXQq23I5r8qJ4nZArfczTYBo24=",
        "owner": "rycee",
        "repo": "home-manager",
        "rev": "abfb4cde51856dbee909f373b59cd941f51c2170",
        "type": "github"
      },
      "original": {
        "owner": "rycee",
        "repo": "home-manager",
        "type": "github"
      }
    },
    "nixos": {
      "locked": {
        "lastModified": 1600834745,
        "narHash": "sha256-JblQ+Io/P6oZVzMk0QhpsMNPaYDMjFaLh+lSuu7Pd5c=",
        "owner": "NixOS",
        "repo": "nixpkgs",
        "rev": "daaa0e33505082716beb52efefe3064f0332b521",
        "type": "github"
      },
      "original": {
        "owner": "NixOS",
        "ref": "nixos-unstable",
        "repo": "nixpkgs",
        "type": "github"
      }
    },
    "root": {
      "inputs": {
        "home": "home",
        "nixos": "nixos",
        "unstable": "unstable"
      }
    },
    "unstable": {
      "locked": {
        "lastModified": 1600836143,
        "narHash": "sha256-UBq3l9wzBwO2yEGLngppiOXn5SzVSlD630EBr3sMXZg=",
        "owner": "NixOS",
        "repo": "nixpkgs",
        "rev": "cc7d3ff1538c9dae977e481d68ba201328096358",
        "type": "github"
      },
      "original": {
        "owner": "NixOS",
        "ref": "nixpkgs-unstable",
        "repo": "nixpkgs",
        "type": "github"
      }
    }
  },
  "root": "root",
  "version": 7
}
