{
  "nodes": {
    "home": {
      "inputs": {
        "nixpkgs": [
          "unstable"
        ]
      },
      "locked": {
        "lastModified": 1600450519,
        "narHash": "sha256-JzfJPzOUTv2AA/FnRWTr2tNIvNtPNRoCilBqh3e+dtM=",
        "owner": "rycee",
        "repo": "home-manager",
        "rev": "9b1b55ba0264a55add4b7b4e022bdc2832b531f6",
        "type": "github"
      },
      "original": {
        "owner": "rycee",
        "repo": "home-manager",
        "type": "github"
      }
    },
    "nixos": {
      "locked": {
        "lastModified": 1600135862,
        "narHash": "sha256-eHhiPQK2FY8Vr+AWpQuNjcId/sfrB+IVJJyuY3tuIwE=",
        "owner": "NixOS",
        "repo": "nixpkgs",
        "rev": "441a7da8080352881bb52f85e910d8855e83fc55",
        "type": "github"
      },
      "original": {
        "owner": "NixOS",
        "ref": "nixos-unstable",
        "repo": "nixpkgs",
        "type": "github"
      }
    },
    "root": {
      "inputs": {
        "home": "home",
        "nixos": "nixos",
        "unstable": "unstable"
      }
    },
    "unstable": {
      "locked": {
        "lastModified": 1599815541,
        "narHash": "sha256-ipYNnkIu7hLhaXL/8HFvWh/VVH0bz5lasUpw0VkgUjw=",
        "owner": "NixOS",
        "repo": "nixpkgs",
        "rev": "6d4b93323e7f78121f8d6db6c59f3889aa1dd931",
        "type": "github"
      },
      "original": {
        "owner": "NixOS",
        "ref": "nixpkgs-unstable",
        "repo": "nixpkgs",
        "type": "github"
      }
    }
  },
  "root": "root",
  "version": 7
}
